
Microsoft Visual Studio Solution File, Format Version 12.00
# Visual Studio Version 16
VisualStudioVersion = 16.0.31105.61
MinimumVisualStudioVersion = 10.0.40219.1
Project("{8BC9CEB8-8B4A-11D0-8D11-00A0C91BC942}") = "zadania_lista", "zadania_lista\zadania_lista.vcxproj", "{6D03F666-7CD9-42E8-92BB-39E7E1A6AFD4}"
EndProject
Global
	GlobalSection(SolutionConfigurationPlatforms) = preSolution
		Debug|x64 = Debug|x64
		Debug|x86 = Debug|x86
		Release|x64 = Release|x64
		Release|x86 = Release|x86
	EndGlobalSection
	GlobalSection(ProjectConfigurationPlatforms) = postSolution
		{6D03F666-7CD9-42E8-92BB-39E7E1A6AFD4}.Debug|x64.ActiveCfg = Debug|x64
		{6D03F666-7CD9-42E8-92BB-39E7E1A6AFD4}.Debug|x64.Build.0 = Debug|x64
		{6D03F666-7CD9-42E8-92BB-39E7E1A6AFD4}.Debug|x86.ActiveCfg = Debug|Win32
		{6D03F666-7CD9-42E8-92BB-39E7E1A6AFD4}.Debug|x86.Build.0 = Debug|Win32
		{6D03F666-7CD9-42E8-92BB-39E7E1A6AFD4}.Release|x64.ActiveCfg = Release|x64
		{6D03F666-7CD9-42E8-92BB-39E7E1A6AFD4}.Release|x64.Build.0 = Release|x64
		{6D03F666-7CD9-42E8-92BB-39E7E1A6AFD4}.Release|x86.ActiveCfg = Release|Win32
		{6D03F666-7CD9-42E8-92BB-39E7E1A6AFD4}.Release|x86.Build.0 = Release|Win32
	EndGlobalSection
	GlobalSection(SolutionProperties) = preSolution
		HideSolutionNode = FALSE
	EndGlobalSection
	GlobalSection(ExtensibilityGlobals) = postSolution
		SolutionGuid = {31B83468-0DAA-42EB-9884-B8A0EB1D17F3}
	EndGlobalSection
EndGlobal
